
Microsoft Visual Studio Solution File, Format Version 12.00
# Visual Studio Version 17
VisualStudioVersion = 17.3.32922.545
MinimumVisualStudioVersion = 10.0.40219.1
Project("{FAE04EC0-301F-11D3-BF4B-00C04F79EFBC}") = "PeteJourney.API", "PeteJourney.API\PeteJourney.API.csproj", "{9C43E828-73EF-476F-841B-DDF37F46F048}"
EndProject
Global
	GlobalSection(SolutionConfigurationPlatforms) = preSolution
		Debug|Any CPU = Debug|Any CPU
		Release|Any CPU = Release|Any CPU
	EndGlobalSection
	GlobalSection(ProjectConfigurationPlatforms) = postSolution
		{9C43E828-73EF-476F-841B-DDF37F46F048}.Debug|Any CPU.ActiveCfg = Debug|Any CPU
		{9C43E828-73EF-476F-841B-DDF37F46F048}.Debug|Any CPU.Build.0 = Debug|Any CPU
		{9C43E828-73EF-476F-841B-DDF37F46F048}.Release|Any CPU.ActiveCfg = Release|Any CPU
		{9C43E828-73EF-476F-841B-DDF37F46F048}.Release|Any CPU.Build.0 = Release|Any CPU
	EndGlobalSection
	GlobalSection(SolutionProperties) = preSolution
		HideSolutionNode = FALSE
	EndGlobalSection
	GlobalSection(ExtensibilityGlobals) = postSolution
		SolutionGuid = {86085645-BDF2-47CD-81F5-121F55355A5E}
	EndGlobalSection
EndGlobal
